// !$*UTF8*$!
{
	archiveVersion = 1;
	classes = {
	};
	objectVersion = 45;
	objects = {

/* Begin PBXBuildFile section */
		1DDD58160DA1D0A300B32029 /* MainMenu.xib in Resources */ = {isa = PBXBuildFile; fileRef = 1DDD58140DA1D0A300B32029 /* MainMenu.xib */; };
		8D11072B0486CEB800E47090 /* InfoPlist.strings in Resources */ = {isa = PBXBuildFile; fileRef = 089C165CFE840E0CC02AAC07 /* InfoPlist.strings */; };
		8D11072D0486CEB800E47090 /* main.m in Sources */ = {isa = PBXBuildFile; fileRef = 29B97316FDCFA39411CA2CEA /* main.m */; settings = {ATTRIBUTES = (); }; };
		8D11072F0486CEB800E47090 /* Cocoa.framework in Frameworks */ = {isa = PBXBuildFile; fileRef = 1058C7A1FEA54F0111CA2CBB /* Cocoa.framework */; };
		A40CCAD311AF8BE900CD8DB4 /* defaults.plist in Resources */ = {isa = PBXBuildFile; fileRef = A40CCAD211AF8BE900CD8DB4 /* defaults.plist */; };
		A40CCADE11AF91DA00CD8DB4 /* upload-plan.plist in Resources */ = {isa = PBXBuildFile; fileRef = A40CCADD11AF91DA00CD8DB4 /* upload-plan.plist */; };
		A456093311AF2FAC002583D6 /* NSInvocation(ForwardedConstruction).m in Sources */ = {isa = PBXBuildFile; fileRef = A456093211AF2FAC002583D6 /* NSInvocation(ForwardedConstruction).m */; };
		A459B93C11AC6DE200822D7C /* ScriptingBridge.framework in Frameworks */ = {isa = PBXBuildFile; fileRef = A459B93B11AC6DE200822D7C /* ScriptingBridge.framework */; };
		A45A1D3C11AEB99D00CE67D0 /* OCIndependentParser.m in Sources */ = {isa = PBXBuildFile; fileRef = A45A1D3B11AEB99D00CE67D0 /* OCIndependentParser.m */; };
		A45A1D3F11AEB9B200CE67D0 /* OCDependentParser.m in Sources */ = {isa = PBXBuildFile; fileRef = A45A1D3E11AEB9B200CE67D0 /* OCDependentParser.m */; };
		A45A1EBD11AED45400CE67D0 /* NSDictionary+serializeToXML.m in Sources */ = {isa = PBXBuildFile; fileRef = A45A1EBC11AED45400CE67D0 /* NSDictionary+serializeToXML.m */; };
		A45A1EC211AEDC0A00CE67D0 /* ActiveSupportInflector.m in Sources */ = {isa = PBXBuildFile; fileRef = A45A1EC011AEDC0A00CE67D0 /* ActiveSupportInflector.m */; };
		A45A1EC311AEDC0A00CE67D0 /* ActiveSupportInflector.plist in Resources */ = {isa = PBXBuildFile; fileRef = A45A1EC111AEDC0A00CE67D0 /* ActiveSupportInflector.plist */; };
		A45A1EE211AEE5B800CE67D0 /* RegexKitLite.m in Sources */ = {isa = PBXBuildFile; fileRef = A45A1EE111AEE5B800CE67D0 /* RegexKitLite.m */; };
		A45A208D11AF06AE00CE67D0 /* OCThrottledRequestor.m in Sources */ = {isa = PBXBuildFile; fileRef = A45A208C11AF06AE00CE67D0 /* OCThrottledRequestor.m */; };
		A499497911AB95EE00CE3D61 /* NSArray+AtIndexOrNil.m in Sources */ = {isa = PBXBuildFile; fileRef = A499497811AB95EE00CE3D61 /* NSArray+AtIndexOrNil.m */; };
		A4AAD3E811AC50E7008370B3 /* NSArray+maximumValue.m in Sources */ = {isa = PBXBuildFile; fileRef = A4AAD3E711AC50E7008370B3 /* NSArray+maximumValue.m */; };
		A4B10C1811AADEE10065BBD6 /* OCCommunicator.m in Sources */ = {isa = PBXBuildFile; fileRef = A4B10C1711AADEE10065BBD6 /* OCCommunicator.m */; };
		A4B10C1C11AAE18E0065BBD6 /* OCDragView.m in Sources */ = {isa = PBXBuildFile; fileRef = A4B10C1B11AAE18E0065BBD6 /* OCDragView.m */; };
		A4B10C2711AAE7070065BBD6 /* OCApp.m in Sources */ = {isa = PBXBuildFile; fileRef = A4B10C2611AAE7070065BBD6 /* OCApp.m */; };
		A4B10C2A11AAE9800065BBD6 /* NSData+Base64.m in Sources */ = {isa = PBXBuildFile; fileRef = A4B10C2911AAE9800065BBD6 /* NSData+Base64.m */; };
		A4C50D1E11ADBF56008797CA /* OPApplicationGlue.m in Sources */ = {isa = PBXBuildFile; fileRef = A4C50D1411ADBF56008797CA /* OPApplicationGlue.m */; };
		A4C50D1F11ADBF56008797CA /* OPCommandGlue.m in Sources */ = {isa = PBXBuildFile; fileRef = A4C50D1611ADBF56008797CA /* OPCommandGlue.m */; };
		A4C50D2011ADBF56008797CA /* OPConstantGlue.m in Sources */ = {isa = PBXBuildFile; fileRef = A4C50D1811ADBF56008797CA /* OPConstantGlue.m */; };
		A4C50D2111ADBF56008797CA /* OPReferenceGlue.m in Sources */ = {isa = PBXBuildFile; fileRef = A4C50D1B11ADBF56008797CA /* OPReferenceGlue.m */; };
		A4C50D2211ADBF56008797CA /* OPReferenceRendererGlue.m in Sources */ = {isa = PBXBuildFile; fileRef = A4C50D1D11ADBF56008797CA /* OPReferenceRendererGlue.m */; };
		A4C50D2411ADBF66008797CA /* Appscript.framework in Frameworks */ = {isa = PBXBuildFile; fileRef = A4C50D2311ADBF66008797CA /* Appscript.framework */; };
		EA58D01711B832A600C2248F /* NSDictionary+dictFromXML.m in Sources */ = {isa = PBXBuildFile; fileRef = EA58D01611B832A600C2248F /* NSDictionary+dictFromXML.m */; };
/* End PBXBuildFile section */

/* Begin PBXFileReference section */
		089C165DFE840E0CC02AAC07 /* English */ = {isa = PBXFileReference; fileEncoding = 10; lastKnownFileType = text.plist.strings; name = English; path = English.lproj/InfoPlist.strings; sourceTree = "<group>"; };
		1058C7A1FEA54F0111CA2CBB /* Cocoa.framework */ = {isa = PBXFileReference; lastKnownFileType = wrapper.framework; name = Cocoa.framework; path = /System/Library/Frameworks/Cocoa.framework; sourceTree = "<absolute>"; };
		13E42FB307B3F0F600E4EEF1 /* CoreData.framework */ = {isa = PBXFileReference; lastKnownFileType = wrapper.framework; name = CoreData.framework; path = /System/Library/Frameworks/CoreData.framework; sourceTree = "<absolute>"; };
		1DDD58150DA1D0A300B32029 /* English */ = {isa = PBXFileReference; lastKnownFileType = file.xib; name = English; path = English.lproj/MainMenu.xib; sourceTree = "<group>"; };
		29B97316FDCFA39411CA2CEA /* main.m */ = {isa = PBXFileReference; fileEncoding = 4; lastKnownFileType = sourcecode.c.objc; path = main.m; sourceTree = "<group>"; };
		29B97324FDCFA39411CA2CEA /* AppKit.framework */ = {isa = PBXFileReference; lastKnownFileType = wrapper.framework; name = AppKit.framework; path = /System/Library/Frameworks/AppKit.framework; sourceTree = "<absolute>"; };
		29B97325FDCFA39411CA2CEA /* Foundation.framework */ = {isa = PBXFileReference; lastKnownFileType = wrapper.framework; name = Foundation.framework; path = /System/Library/Frameworks/Foundation.framework; sourceTree = "<absolute>"; };
		32CA4F630368D1EE00C91783 /* OmniCamp_Prefix.pch */ = {isa = PBXFileReference; fileEncoding = 4; lastKnownFileType = sourcecode.c.h; path = OmniCamp_Prefix.pch; sourceTree = "<group>"; };
		8D1107310486CEB800E47090 /* Info.plist */ = {isa = PBXFileReference; fileEncoding = 4; lastKnownFileType = text.plist.xml; path = Info.plist; sourceTree = "<group>"; };
		8D1107320486CEB800E47090 /* OmniCamp.app */ = {isa = PBXFileReference; explicitFileType = wrapper.application; includeInIndex = 0; path = OmniCamp.app; sourceTree = BUILT_PRODUCTS_DIR; };
		A40CCAD211AF8BE900CD8DB4 /* defaults.plist */ = {isa = PBXFileReference; fileEncoding = 4; lastKnownFileType = text.plist.xml; path = defaults.plist; sourceTree = "<group>"; };
		A40CCADD11AF91DA00CD8DB4 /* upload-plan.plist */ = {isa = PBXFileReference; fileEncoding = 4; lastKnownFileType = text.plist.xml; path = "upload-plan.plist"; sourceTree = "<group>"; };
		A456093111AF2FAC002583D6 /* NSInvocation(ForwardedConstruction).h */ = {isa = PBXFileReference; fileEncoding = 4; lastKnownFileType = sourcecode.c.h; path = "NSInvocation(ForwardedConstruction).h"; sourceTree = "<group>"; };
		A456093211AF2FAC002583D6 /* NSInvocation(ForwardedConstruction).m */ = {isa = PBXFileReference; fileEncoding = 4; lastKnownFileType = sourcecode.c.objc; path = "NSInvocation(ForwardedConstruction).m"; sourceTree = "<group>"; };
		A459B93B11AC6DE200822D7C /* ScriptingBridge.framework */ = {isa = PBXFileReference; lastKnownFileType = wrapper.framework; name = ScriptingBridge.framework; path = /System/Library/Frameworks/ScriptingBridge.framework; sourceTree = "<absolute>"; };
		A45A1D3A11AEB99D00CE67D0 /* OCIndependentParser.h */ = {isa = PBXFileReference; fileEncoding = 4; lastKnownFileType = sourcecode.c.h; path = OCIndependentParser.h; sourceTree = "<group>"; };
		A45A1D3B11AEB99D00CE67D0 /* OCIndependentParser.m */ = {isa = PBXFileReference; fileEncoding = 4; lastKnownFileType = sourcecode.c.objc; path = OCIndependentParser.m; sourceTree = "<group>"; };
		A45A1D3D11AEB9B200CE67D0 /* OCDependentParser.h */ = {isa = PBXFileReference; fileEncoding = 4; lastKnownFileType = sourcecode.c.h; path = OCDependentParser.h; sourceTree = "<group>"; };
		A45A1D3E11AEB9B200CE67D0 /* OCDependentParser.m */ = {isa = PBXFileReference; fileEncoding = 4; lastKnownFileType = sourcecode.c.objc; path = OCDependentParser.m; sourceTree = "<group>"; };
		A45A1D4011AEBA2200CE67D0 /* OmniplanParsing.h */ = {isa = PBXFileReference; fileEncoding = 4; lastKnownFileType = sourcecode.c.h; path = OmniplanParsing.h; sourceTree = "<group>"; };
		A45A1EBB11AED45400CE67D0 /* NSDictionary+serializeToXML.h */ = {isa = PBXFileReference; fileEncoding = 4; lastKnownFileType = sourcecode.c.h; path = "NSDictionary+serializeToXML.h"; sourceTree = "<group>"; };
		A45A1EBC11AED45400CE67D0 /* NSDictionary+serializeToXML.m */ = {isa = PBXFileReference; fileEncoding = 4; lastKnownFileType = sourcecode.c.objc; path = "NSDictionary+serializeToXML.m"; sourceTree = "<group>"; };
		A45A1EBF11AEDC0A00CE67D0 /* ActiveSupportInflector.h */ = {isa = PBXFileReference; fileEncoding = 4; lastKnownFileType = sourcecode.c.h; path = ActiveSupportInflector.h; sourceTree = "<group>"; };
		A45A1EC011AEDC0A00CE67D0 /* ActiveSupportInflector.m */ = {isa = PBXFileReference; fileEncoding = 4; lastKnownFileType = sourcecode.c.objc; path = ActiveSupportInflector.m; sourceTree = "<group>"; };
		A45A1EC111AEDC0A00CE67D0 /* ActiveSupportInflector.plist */ = {isa = PBXFileReference; fileEncoding = 4; lastKnownFileType = text.plist; path = ActiveSupportInflector.plist; sourceTree = "<group>"; };
		A45A1EE011AEE5B800CE67D0 /* RegexKitLite.h */ = {isa = PBXFileReference; fileEncoding = 4; lastKnownFileType = sourcecode.c.h; path = RegexKitLite.h; sourceTree = "<group>"; };
		A45A1EE111AEE5B800CE67D0 /* RegexKitLite.m */ = {isa = PBXFileReference; fileEncoding = 4; lastKnownFileType = sourcecode.c.objc; path = RegexKitLite.m; sourceTree = "<group>"; };
		A45A208B11AF06AE00CE67D0 /* OCThrottledRequestor.h */ = {isa = PBXFileReference; fileEncoding = 4; lastKnownFileType = sourcecode.c.h; path = OCThrottledRequestor.h; sourceTree = "<group>"; };
		A45A208C11AF06AE00CE67D0 /* OCThrottledRequestor.m */ = {isa = PBXFileReference; fileEncoding = 4; lastKnownFileType = sourcecode.c.objc; path = OCThrottledRequestor.m; sourceTree = "<group>"; };
		A499497711AB95EE00CE3D61 /* NSArray+AtIndexOrNil.h */ = {isa = PBXFileReference; fileEncoding = 4; lastKnownFileType = sourcecode.c.h; path = "NSArray+AtIndexOrNil.h"; sourceTree = "<group>"; };
		A499497811AB95EE00CE3D61 /* NSArray+AtIndexOrNil.m */ = {isa = PBXFileReference; fileEncoding = 4; lastKnownFileType = sourcecode.c.objc; path = "NSArray+AtIndexOrNil.m"; sourceTree = "<group>"; };
		A4AAD3E611AC50E7008370B3 /* NSArray+maximumValue.h */ = {isa = PBXFileReference; fileEncoding = 4; lastKnownFileType = sourcecode.c.h; path = "NSArray+maximumValue.h"; sourceTree = "<group>"; };
		A4AAD3E711AC50E7008370B3 /* NSArray+maximumValue.m */ = {isa = PBXFileReference; fileEncoding = 4; lastKnownFileType = sourcecode.c.objc; path = "NSArray+maximumValue.m"; sourceTree = "<group>"; };
		A4B10C1611AADEE10065BBD6 /* OCCommunicator.h */ = {isa = PBXFileReference; fileEncoding = 4; lastKnownFileType = sourcecode.c.h; path = OCCommunicator.h; sourceTree = "<group>"; };
		A4B10C1711AADEE10065BBD6 /* OCCommunicator.m */ = {isa = PBXFileReference; fileEncoding = 4; lastKnownFileType = sourcecode.c.objc; path = OCCommunicator.m; sourceTree = "<group>"; };
		A4B10C1A11AAE18E0065BBD6 /* OCDragView.h */ = {isa = PBXFileReference; fileEncoding = 4; lastKnownFileType = sourcecode.c.h; path = OCDragView.h; sourceTree = "<group>"; };
		A4B10C1B11AAE18E0065BBD6 /* OCDragView.m */ = {isa = PBXFileReference; fileEncoding = 4; lastKnownFileType = sourcecode.c.objc; path = OCDragView.m; sourceTree = "<group>"; };
		A4B10C2511AAE7070065BBD6 /* OCApp.h */ = {isa = PBXFileReference; fileEncoding = 4; lastKnownFileType = sourcecode.c.h; path = OCApp.h; sourceTree = "<group>"; };
		A4B10C2611AAE7070065BBD6 /* OCApp.m */ = {isa = PBXFileReference; fileEncoding = 4; lastKnownFileType = sourcecode.c.objc; path = OCApp.m; sourceTree = "<group>"; };
		A4B10C2811AAE9800065BBD6 /* NSData+Base64.h */ = {isa = PBXFileReference; fileEncoding = 4; lastKnownFileType = sourcecode.c.h; path = "NSData+Base64.h"; sourceTree = "<group>"; };
		A4B10C2911AAE9800065BBD6 /* NSData+Base64.m */ = {isa = PBXFileReference; fileEncoding = 4; lastKnownFileType = sourcecode.c.objc; path = "NSData+Base64.m"; sourceTree = "<group>"; };
		A4C50D1211ADBF56008797CA /* OPAEMConstants.h */ = {isa = PBXFileReference; fileEncoding = 4; lastKnownFileType = sourcecode.c.h; path = OPAEMConstants.h; sourceTree = "<group>"; };
		A4C50D1311ADBF56008797CA /* OPApplicationGlue.h */ = {isa = PBXFileReference; fileEncoding = 4; lastKnownFileType = sourcecode.c.h; path = OPApplicationGlue.h; sourceTree = "<group>"; };
		A4C50D1411ADBF56008797CA /* OPApplicationGlue.m */ = {isa = PBXFileReference; fileEncoding = 4; lastKnownFileType = sourcecode.c.objc; path = OPApplicationGlue.m; sourceTree = "<group>"; };
		A4C50D1511ADBF56008797CA /* OPCommandGlue.h */ = {isa = PBXFileReference; fileEncoding = 4; lastKnownFileType = sourcecode.c.h; path = OPCommandGlue.h; sourceTree = "<group>"; };
		A4C50D1611ADBF56008797CA /* OPCommandGlue.m */ = {isa = PBXFileReference; fileEncoding = 4; lastKnownFileType = sourcecode.c.objc; path = OPCommandGlue.m; sourceTree = "<group>"; };
		A4C50D1711ADBF56008797CA /* OPConstantGlue.h */ = {isa = PBXFileReference; fileEncoding = 4; lastKnownFileType = sourcecode.c.h; path = OPConstantGlue.h; sourceTree = "<group>"; };
		A4C50D1811ADBF56008797CA /* OPConstantGlue.m */ = {isa = PBXFileReference; fileEncoding = 4; lastKnownFileType = sourcecode.c.objc; path = OPConstantGlue.m; sourceTree = "<group>"; };
		A4C50D1911ADBF56008797CA /* OPGlue.h */ = {isa = PBXFileReference; fileEncoding = 4; lastKnownFileType = sourcecode.c.h; path = OPGlue.h; sourceTree = "<group>"; };
		A4C50D1A11ADBF56008797CA /* OPReferenceGlue.h */ = {isa = PBXFileReference; fileEncoding = 4; lastKnownFileType = sourcecode.c.h; path = OPReferenceGlue.h; sourceTree = "<group>"; };
		A4C50D1B11ADBF56008797CA /* OPReferenceGlue.m */ = {isa = PBXFileReference; fileEncoding = 4; lastKnownFileType = sourcecode.c.objc; path = OPReferenceGlue.m; sourceTree = "<group>"; };
		A4C50D1C11ADBF56008797CA /* OPReferenceRendererGlue.h */ = {isa = PBXFileReference; fileEncoding = 4; lastKnownFileType = sourcecode.c.h; path = OPReferenceRendererGlue.h; sourceTree = "<group>"; };
		A4C50D1D11ADBF56008797CA /* OPReferenceRendererGlue.m */ = {isa = PBXFileReference; fileEncoding = 4; lastKnownFileType = sourcecode.c.objc; path = OPReferenceRendererGlue.m; sourceTree = "<group>"; };
		A4C50D2311ADBF66008797CA /* Appscript.framework */ = {isa = PBXFileReference; lastKnownFileType = wrapper.framework; name = Appscript.framework; path = /Library/Frameworks/Appscript.framework; sourceTree = "<absolute>"; };
		EA58D01511B832A600C2248F /* NSDictionary+dictFromXML.h */ = {isa = PBXFileReference; fileEncoding = 4; lastKnownFileType = sourcecode.c.h; path = "NSDictionary+dictFromXML.h"; sourceTree = "<group>"; };
		EA58D01611B832A600C2248F /* NSDictionary+dictFromXML.m */ = {isa = PBXFileReference; fileEncoding = 4; lastKnownFileType = sourcecode.c.objc; path = "NSDictionary+dictFromXML.m"; sourceTree = "<group>"; };
/* End PBXFileReference section */

/* Begin PBXFrameworksBuildPhase section */
		8D11072E0486CEB800E47090 /* Frameworks */ = {
			isa = PBXFrameworksBuildPhase;
			buildActionMask = 2147483647;
			files = (
				8D11072F0486CEB800E47090 /* Cocoa.framework in Frameworks */,
				A459B93C11AC6DE200822D7C /* ScriptingBridge.framework in Frameworks */,
				A4C50D2411ADBF66008797CA /* Appscript.framework in Frameworks */,
			);
			runOnlyForDeploymentPostprocessing = 0;
		};
/* End PBXFrameworksBuildPhase section */

/* Begin PBXGroup section */
		080E96DDFE201D6D7F000001 /* Classes */ = {
			isa = PBXGroup;
			children = (
				A456093111AF2FAC002583D6 /* NSInvocation(ForwardedConstruction).h */,
				A456093211AF2FAC002583D6 /* NSInvocation(ForwardedConstruction).m */,
				A45A1EE011AEE5B800CE67D0 /* RegexKitLite.h */,
				A45A1EE111AEE5B800CE67D0 /* RegexKitLite.m */,
				A45A1EBF11AEDC0A00CE67D0 /* ActiveSupportInflector.h */,
				A45A1EC011AEDC0A00CE67D0 /* ActiveSupportInflector.m */,
				A4C50D1111ADBF56008797CA /* OPGlue */,
				A4B10C2811AAE9800065BBD6 /* NSData+Base64.h */,
				A4B10C2911AAE9800065BBD6 /* NSData+Base64.m */,
				A4B10C1611AADEE10065BBD6 /* OCCommunicator.h */,
				A4B10C1711AADEE10065BBD6 /* OCCommunicator.m */,
				A4B10C1A11AAE18E0065BBD6 /* OCDragView.h */,
				A4B10C1B11AAE18E0065BBD6 /* OCDragView.m */,
				A4B10C2511AAE7070065BBD6 /* OCApp.h */,
				A4B10C2611AAE7070065BBD6 /* OCApp.m */,
				A499497711AB95EE00CE3D61 /* NSArray+AtIndexOrNil.h */,
				A499497811AB95EE00CE3D61 /* NSArray+AtIndexOrNil.m */,
				A4AAD3E611AC50E7008370B3 /* NSArray+maximumValue.h */,
				A4AAD3E711AC50E7008370B3 /* NSArray+maximumValue.m */,
				A45A1D3A11AEB99D00CE67D0 /* OCIndependentParser.h */,
				A45A1D3B11AEB99D00CE67D0 /* OCIndependentParser.m */,
				A45A1D3D11AEB9B200CE67D0 /* OCDependentParser.h */,
				A45A1D3E11AEB9B200CE67D0 /* OCDependentParser.m */,
				A45A1D4011AEBA2200CE67D0 /* OmniplanParsing.h */,
				A45A1EBB11AED45400CE67D0 /* NSDictionary+serializeToXML.h */,
				A45A1EBC11AED45400CE67D0 /* NSDictionary+serializeToXML.m */,
				A45A208B11AF06AE00CE67D0 /* OCThrottledRequestor.h */,
				A45A208C11AF06AE00CE67D0 /* OCThrottledRequestor.m */,
				EA58D01511B832A600C2248F /* NSDictionary+dictFromXML.h */,
				EA58D01611B832A600C2248F /* NSDictionary+dictFromXML.m */,
			);
			name = Classes;
			sourceTree = "<group>";
		};
		1058C7A0FEA54F0111CA2CBB /* Linked Frameworks */ = {
			isa = PBXGroup;
			children = (
				A459B93B11AC6DE200822D7C /* ScriptingBridge.framework */,
				1058C7A1FEA54F0111CA2CBB /* Cocoa.framework */,
			);
			name = "Linked Frameworks";
			sourceTree = "<group>";
		};
		1058C7A2FEA54F0111CA2CBB /* Other Frameworks */ = {
			isa = PBXGroup;
			children = (
				29B97324FDCFA39411CA2CEA /* AppKit.framework */,
				13E42FB307B3F0F600E4EEF1 /* CoreData.framework */,
				29B97325FDCFA39411CA2CEA /* Foundation.framework */,
			);
			name = "Other Frameworks";
			sourceTree = "<group>";
		};
		19C28FACFE9D520D11CA2CBB /* Products */ = {
			isa = PBXGroup;
			children = (
				8D1107320486CEB800E47090 /* OmniCamp.app */,
			);
			name = Products;
			sourceTree = "<group>";
		};
		29B97314FDCFA39411CA2CEA /* OmniCamp */ = {
			isa = PBXGroup;
			children = (
				080E96DDFE201D6D7F000001 /* Classes */,
				29B97315FDCFA39411CA2CEA /* Other Sources */,
				29B97317FDCFA39411CA2CEA /* Resources */,
				29B97323FDCFA39411CA2CEA /* Frameworks */,
				19C28FACFE9D520D11CA2CBB /* Products */,
			);
			name = OmniCamp;
			sourceTree = "<group>";
		};
		29B97315FDCFA39411CA2CEA /* Other Sources */ = {
			isa = PBXGroup;
			children = (
				32CA4F630368D1EE00C91783 /* OmniCamp_Prefix.pch */,
				29B97316FDCFA39411CA2CEA /* main.m */,
			);
			name = "Other Sources";
			sourceTree = "<group>";
		};
		29B97317FDCFA39411CA2CEA /* Resources */ = {
			isa = PBXGroup;
			children = (
				A45A1EC111AEDC0A00CE67D0 /* ActiveSupportInflector.plist */,
				8D1107310486CEB800E47090 /* Info.plist */,
				089C165CFE840E0CC02AAC07 /* InfoPlist.strings */,
				1DDD58140DA1D0A300B32029 /* MainMenu.xib */,
				A40CCAD211AF8BE900CD8DB4 /* defaults.plist */,
				A40CCADD11AF91DA00CD8DB4 /* upload-plan.plist */,
			);
			name = Resources;
			sourceTree = "<group>";
		};
		29B97323FDCFA39411CA2CEA /* Frameworks */ = {
			isa = PBXGroup;
			children = (
				A4C50D2311ADBF66008797CA /* Appscript.framework */,
				1058C7A0FEA54F0111CA2CBB /* Linked Frameworks */,
				1058C7A2FEA54F0111CA2CBB /* Other Frameworks */,
			);
			name = Frameworks;
			sourceTree = "<group>";
		};
		A4C50D1111ADBF56008797CA /* OPGlue */ = {
			isa = PBXGroup;
			children = (
				A4C50D1211ADBF56008797CA /* OPAEMConstants.h */,
				A4C50D1311ADBF56008797CA /* OPApplicationGlue.h */,
				A4C50D1411ADBF56008797CA /* OPApplicationGlue.m */,
				A4C50D1511ADBF56008797CA /* OPCommandGlue.h */,
				A4C50D1611ADBF56008797CA /* OPCommandGlue.m */,
				A4C50D1711ADBF56008797CA /* OPConstantGlue.h */,
				A4C50D1811ADBF56008797CA /* OPConstantGlue.m */,
				A4C50D1911ADBF56008797CA /* OPGlue.h */,
				A4C50D1A11ADBF56008797CA /* OPReferenceGlue.h */,
				A4C50D1B11ADBF56008797CA /* OPReferenceGlue.m */,
				A4C50D1C11ADBF56008797CA /* OPReferenceRendererGlue.h */,
				A4C50D1D11ADBF56008797CA /* OPReferenceRendererGlue.m */,
			);
			path = OPGlue;
			sourceTree = "<group>";
		};
/* End PBXGroup section */

/* Begin PBXNativeTarget section */
		8D1107260486CEB800E47090 /* OmniCamp */ = {
			isa = PBXNativeTarget;
			buildConfigurationList = C01FCF4A08A954540054247B /* Build configuration list for PBXNativeTarget "OmniCamp" */;
			buildPhases = (
				8D1107290486CEB800E47090 /* Resources */,
				8D11072C0486CEB800E47090 /* Sources */,
				8D11072E0486CEB800E47090 /* Frameworks */,
			);
			buildRules = (
			);
			dependencies = (
			);
			name = OmniCamp;
			productInstallPath = "$(HOME)/Applications";
			productName = OmniCamp;
			productReference = 8D1107320486CEB800E47090 /* OmniCamp.app */;
			productType = "com.apple.product-type.application";
		};
/* End PBXNativeTarget section */

/* Begin PBXProject section */
		29B97313FDCFA39411CA2CEA /* Project object */ = {
			isa = PBXProject;
			buildConfigurationList = C01FCF4E08A954540054247B /* Build configuration list for PBXProject "OmniCamp" */;
			compatibilityVersion = "Xcode 3.1";
			hasScannedForEncodings = 1;
			mainGroup = 29B97314FDCFA39411CA2CEA /* OmniCamp */;
			projectDirPath = "";
			projectRoot = "";
			targets = (
				8D1107260486CEB800E47090 /* OmniCamp */,
			);
		};
/* End PBXProject section */

/* Begin PBXResourcesBuildPhase section */
		8D1107290486CEB800E47090 /* Resources */ = {
			isa = PBXResourcesBuildPhase;
			buildActionMask = 2147483647;
			files = (
				8D11072B0486CEB800E47090 /* InfoPlist.strings in Resources */,
				1DDD58160DA1D0A300B32029 /* MainMenu.xib in Resources */,
				A45A1EC311AEDC0A00CE67D0 /* ActiveSupportInflector.plist in Resources */,
				A40CCAD311AF8BE900CD8DB4 /* defaults.plist in Resources */,
				A40CCADE11AF91DA00CD8DB4 /* upload-plan.plist in Resources */,
			);
			runOnlyForDeploymentPostprocessing = 0;
		};
/* End PBXResourcesBuildPhase section */

/* Begin PBXSourcesBuildPhase section */
		8D11072C0486CEB800E47090 /* Sources */ = {
			isa = PBXSourcesBuildPhase;
			buildActionMask = 2147483647;
			files = (
				8D11072D0486CEB800E47090 /* main.m in Sources */,
				A4B10C1811AADEE10065BBD6 /* OCCommunicator.m in Sources */,
				A4B10C1C11AAE18E0065BBD6 /* OCDragView.m in Sources */,
				A4B10C2711AAE7070065BBD6 /* OCApp.m in Sources */,
				A4B10C2A11AAE9800065BBD6 /* NSData+Base64.m in Sources */,
				A499497911AB95EE00CE3D61 /* NSArray+AtIndexOrNil.m in Sources */,
				A4AAD3E811AC50E7008370B3 /* NSArray+maximumValue.m in Sources */,
				A4C50D1E11ADBF56008797CA /* OPApplicationGlue.m in Sources */,
				A4C50D1F11ADBF56008797CA /* OPCommandGlue.m in Sources */,
				A4C50D2011ADBF56008797CA /* OPConstantGlue.m in Sources */,
				A4C50D2111ADBF56008797CA /* OPReferenceGlue.m in Sources */,
				A4C50D2211ADBF56008797CA /* OPReferenceRendererGlue.m in Sources */,
				A45A1D3C11AEB99D00CE67D0 /* OCIndependentParser.m in Sources */,
				A45A1D3F11AEB9B200CE67D0 /* OCDependentParser.m in Sources */,
				A45A1EBD11AED45400CE67D0 /* NSDictionary+serializeToXML.m in Sources */,
				A45A1EC211AEDC0A00CE67D0 /* ActiveSupportInflector.m in Sources */,
				A45A1EE211AEE5B800CE67D0 /* RegexKitLite.m in Sources */,
				A45A208D11AF06AE00CE67D0 /* OCThrottledRequestor.m in Sources */,
				A456093311AF2FAC002583D6 /* NSInvocation(ForwardedConstruction).m in Sources */,
				EA58D01711B832A600C2248F /* NSDictionary+dictFromXML.m in Sources */,
			);
			runOnlyForDeploymentPostprocessing = 0;
		};
/* End PBXSourcesBuildPhase section */

/* Begin PBXVariantGroup section */
		089C165CFE840E0CC02AAC07 /* InfoPlist.strings */ = {
			isa = PBXVariantGroup;
			children = (
				089C165DFE840E0CC02AAC07 /* English */,
			);
			name = InfoPlist.strings;
			sourceTree = "<group>";
		};
		1DDD58140DA1D0A300B32029 /* MainMenu.xib */ = {
			isa = PBXVariantGroup;
			children = (
				1DDD58150DA1D0A300B32029 /* English */,
			);
			name = MainMenu.xib;
			sourceTree = "<group>";
		};
/* End PBXVariantGroup section */

/* Begin XCBuildConfiguration section */
		C01FCF4B08A954540054247B /* Debug */ = {
			isa = XCBuildConfiguration;
			buildSettings = {
				ALWAYS_SEARCH_USER_PATHS = NO;
				COPY_PHASE_STRIP = NO;
				DEBUG_INFORMATION_FORMAT = "dwarf-with-dsym";
				FRAMEWORK_SEARCH_PATHS = (
					"$(inherited)",
					"\"$(SRCROOT)/../Desktop/appscript/src/Appscript/build/Release_10.5_32_64_GC_embed\"",
				);
				GCC_DYNAMIC_NO_PIC = NO;
				GCC_ENABLE_FIX_AND_CONTINUE = YES;
				GCC_MODEL_TUNING = G5;
				GCC_OPTIMIZATION_LEVEL = 0;
				GCC_PRECOMPILE_PREFIX_HEADER = YES;
				GCC_PREFIX_HEADER = OmniCamp_Prefix.pch;
				INFOPLIST_FILE = Info.plist;
				INSTALL_PATH = "$(HOME)/Applications";
				OTHER_LDFLAGS = "-licucore";
				PRODUCT_NAME = OmniCamp;
			};
			name = Debug;
		};
		C01FCF4C08A954540054247B /* Release */ = {
			isa = XCBuildConfiguration;
			buildSettings = {
				ALWAYS_SEARCH_USER_PATHS = NO;
				DEBUG_INFORMATION_FORMAT = "dwarf-with-dsym";
				FRAMEWORK_SEARCH_PATHS = (
					"$(inherited)",
					"\"$(SRCROOT)/../Desktop/appscript/src/Appscript/build/Release_10.5_32_64_GC_embed\"",
				);
				GCC_MODEL_TUNING = G5;
				GCC_PRECOMPILE_PREFIX_HEADER = YES;
				GCC_PREFIX_HEADER = OmniCamp_Prefix.pch;
				INFOPLIST_FILE = Info.plist;
				INSTALL_PATH = "$(HOME)/Applications";
				OTHER_LDFLAGS = "-licucore";
				PRODUCT_NAME = OmniCamp;
			};
			name = Release;
		};
		C01FCF4F08A954540054247B /* Debug */ = {
			isa = XCBuildConfiguration;
			buildSettings = {
				ARCHS = "$(ARCHS_STANDARD_32_BIT)";
				GCC_C_LANGUAGE_STANDARD = c99;
				GCC_OPTIMIZATION_LEVEL = 0;
				GCC_WARN_ABOUT_RETURN_TYPE = YES;
				GCC_WARN_UNUSED_VARIABLE = YES;
				ONLY_ACTIVE_ARCH = YES;
				PREBINDING = NO;
				SDKROOT = macosx10.5;
			};
			name = Debug;
		};
		C01FCF5008A954540054247B /* Release */ = {
			isa = XCBuildConfiguration;
			buildSettings = {
				ARCHS = "$(ARCHS_STANDARD_32_BIT)";
				GCC_C_LANGUAGE_STANDARD = c99;
				GCC_WARN_ABOUT_RETURN_TYPE = YES;
				GCC_WARN_UNUSED_VARIABLE = YES;
				PREBINDING = NO;
				SDKROOT = macosx10.5;
			};
			name = Release;
		};
/* End XCBuildConfiguration section */

/* Begin XCConfigurationList section */
		C01FCF4A08A954540054247B /* Build configuration list for PBXNativeTarget "OmniCamp" */ = {
			isa = XCConfigurationList;
			buildConfigurations = (
				C01FCF4B08A954540054247B /* Debug */,
				C01FCF4C08A954540054247B /* Release */,
			);
			defaultConfigurationIsVisible = 0;
			defaultConfigurationName = Release;
		};
		C01FCF4E08A954540054247B /* Build configuration list for PBXProject "OmniCamp" */ = {
			isa = XCConfigurationList;
			buildConfigurations = (
				C01FCF4F08A954540054247B /* Debug */,
				C01FCF5008A954540054247B /* Release */,
			);
			defaultConfigurationIsVisible = 0;
			defaultConfigurationName = Release;
		};
/* End XCConfigurationList section */
	};
	rootObject = 29B97313FDCFA39411CA2CEA /* Project object */;
}
